
Microsoft Visual Studio Solution File, Format Version 12.00
# Visual Studio Version 17
VisualStudioVersion = 17.6.33829.357
MinimumVisualStudioVersion = 10.0.40219.1
Project("{FAE04EC0-301F-11D3-BF4B-00C04F79EFBC}") = "CALCULADORA.Android", "CALCULADORA.Android\CALCULADORA.Android.csproj", "{C8707BFA-EC0A-4A6D-869E-AAF7754860FE}"
EndProject
Project("{FAE04EC0-301F-11D3-BF4B-00C04F79EFBC}") = "CALCULADORA", "CALCULADORA\CALCULADORA.csproj", "{37242F15-7C30-4101-88E8-70E32CB7EFAD}"
EndProject
Global
	GlobalSection(SolutionConfigurationPlatforms) = preSolution
		Debug|Any CPU = Debug|Any CPU
		Release|Any CPU = Release|Any CPU
	EndGlobalSection
	GlobalSection(ProjectConfigurationPlatforms) = postSolution
		{C8707BFA-EC0A-4A6D-869E-AAF7754860FE}.Debug|Any CPU.ActiveCfg = Debug|Any CPU
		{C8707BFA-EC0A-4A6D-869E-AAF7754860FE}.Debug|Any CPU.Build.0 = Debug|Any CPU
		{C8707BFA-EC0A-4A6D-869E-AAF7754860FE}.Debug|Any CPU.Deploy.0 = Debug|Any CPU
		{C8707BFA-EC0A-4A6D-869E-AAF7754860FE}.Release|Any CPU.ActiveCfg = Release|Any CPU
		{C8707BFA-EC0A-4A6D-869E-AAF7754860FE}.Release|Any CPU.Build.0 = Release|Any CPU
		{C8707BFA-EC0A-4A6D-869E-AAF7754860FE}.Release|Any CPU.Deploy.0 = Release|Any CPU
		{37242F15-7C30-4101-88E8-70E32CB7EFAD}.Debug|Any CPU.ActiveCfg = Debug|Any CPU
		{37242F15-7C30-4101-88E8-70E32CB7EFAD}.Debug|Any CPU.Build.0 = Debug|Any CPU
		{37242F15-7C30-4101-88E8-70E32CB7EFAD}.Debug|Any CPU.Deploy.0 = Debug|Any CPU
		{37242F15-7C30-4101-88E8-70E32CB7EFAD}.Release|Any CPU.ActiveCfg = Release|Any CPU
		{37242F15-7C30-4101-88E8-70E32CB7EFAD}.Release|Any CPU.Build.0 = Release|Any CPU
		{37242F15-7C30-4101-88E8-70E32CB7EFAD}.Release|Any CPU.Deploy.0 = Release|Any CPU
	EndGlobalSection
	GlobalSection(SolutionProperties) = preSolution
		HideSolutionNode = FALSE
	EndGlobalSection
	GlobalSection(ExtensibilityGlobals) = postSolution
		SolutionGuid = {C1729BB3-A899-4DF5-B885-763D55C5C544}
	EndGlobalSection
EndGlobal
